lockVersion: 2.0.0
id: 66272d97-88de-4a3b-a0e4-9e63d27955c7
management:
  docChecksum: 8e8b5603fbda17f01151b97963669daa
  docVersion: "0.1"
  speakeasyVersion: 1.209.2
  generationVersion: 2.281.2
  releaseVersion: 0.0.1
  configChecksum: 6d236ed82a9fb89ba272297bc28538a0
features:
  python:
    constsAndDefaults: 0.1.3
    core: 4.5.1
    deprecations: 2.81.1
    flattening: 2.81.1
    globalSecurity: 2.83.4
    globalServerURLs: 2.82.2
    responseFormat: 0.1.0
generatedFiles:
  - src/whylabs_client/sdkconfiguration.py
  - src/whylabs_client/account.py
  - src/whylabs_client/internal.py
  - src/whylabs_client/admin.py
  - src/whylabs_client/featureflags.py
  - src/whylabs_client/membership.py
  - src/whylabs_client/notification_settings.py
  - src/whylabs_client/organizations.py
  - src/whylabs_client/apikey.py
  - src/whylabs_client/datasetprofile.py
  - src/whylabs_client/dataset_metadata.py
  - src/whylabs_client/feature_weights.py
  - src/whylabs_client/debugevents.py
  - src/whylabs_client/monitor_diagnostics.py
  - src/whylabs_client/log.py
  - src/whylabs_client/models_.py
  - src/whylabs_client/monitor.py
  - src/whylabs_client/schema.py
  - src/whylabs_client/payment.py
  - src/whylabs_client/provision.py
  - src/whylabs_client/search.py
  - src/whylabs_client/sessions.py
  - src/whylabs_client/subscription.py
  - src/whylabs_client/user.py
  - src/whylabs_client/azure_marketplace.py
  - src/whylabs_client/traces.py
  - src/whylabs_client/transactions.py
  - src/whylabs_client/sdk.py
  - py.typed
  - pylintrc
  - setup.py
  - src/whylabs_client/__init__.py
  - src/whylabs_client/utils/__init__.py
  - src/whylabs_client/utils/retries.py
  - src/whylabs_client/utils/utils.py
  - src/whylabs_client/models/errors/sdkerror.py
  - tests/helpers.py
  - src/whylabs_client/models/operations/getaccountmemberships.py
  - src/whylabs_client/models/operations/putorganizationmemberships.py
  - src/whylabs_client/models/operations/patchorganizationmemberships.py
  - src/whylabs_client/models/operations/listmanagedorganizations.py
  - src/whylabs_client/models/operations/updateaccountuser.py
  - src/whylabs_client/models/operations/createaccountuser.py
  - src/whylabs_client/models/operations/getaccountuserbyemail.py
  - src/whylabs_client/models/operations/getaccountuserbyid.py
  - src/whylabs_client/models/operations/deleteaccountuser.py
  - src/whylabs_client/models/operations/listaccountusers.py
  - src/whylabs_client/models/operations/addaccountusersfrommemberships.py
  - src/whylabs_client/models/operations/deletecachekey.py
  - src/whylabs_client/models/operations/listcachekeys.py
  - src/whylabs_client/models/operations/generatereport.py
  - src/whylabs_client/models/operations/activatemarketplacesubscriptioninternal.py
  - src/whylabs_client/models/operations/listazuremarketplacesubscriptions.py
  - src/whylabs_client/models/operations/postmonitorconfigvalidationjob.py
  - src/whylabs_client/models/operations/getfeatureflags.py
  - src/whylabs_client/models/operations/updatemembershipbyemail.py
  - src/whylabs_client/models/operations/createmembership.py
  - src/whylabs_client/models/operations/removemembershipbyemail.py
  - src/whylabs_client/models/operations/getdefaultmembershipforemail.py
  - src/whylabs_client/models/operations/setdefaultmembership.py
  - src/whylabs_client/models/operations/getmembershipsbyorg.py
  - src/whylabs_client/models/operations/getmembershipsbyemail.py
  - src/whylabs_client/models/operations/getmemberships.py
  - src/whylabs_client/models/operations/getnotificationsettings.py
  - src/whylabs_client/models/operations/updatenotificationsettings.py
  - src/whylabs_client/models/operations/listorganizations.py
  - src/whylabs_client/models/operations/updateorg.py
  - src/whylabs_client/models/operations/createorganization.py
  - src/whylabs_client/models/operations/partiallyupdateorganization.py
  - src/whylabs_client/models/operations/getorganization.py
  - src/whylabs_client/models/operations/updateorganization.py
  - src/whylabs_client/models/operations/deleteorganization.py
  - src/whylabs_client/models/operations/listapikeys.py
  - src/whylabs_client/models/operations/getapikey.py
  - src/whylabs_client/models/operations/hidesegments.py
  - src/whylabs_client/models/operations/getawsmarketplacemetadata.py
  - src/whylabs_client/models/operations/listmonitorconfigv3versions.py
  - src/whylabs_client/models/operations/getmonitorconfigv3version.py
  - src/whylabs_client/models/operations/putrequestmonitorrunconfig.py
  - src/whylabs_client/models/operations/stripepaymentendpoint.py
  - src/whylabs_client/models/operations/provisionawsmarketplacenewuser.py
  - src/whylabs_client/models/operations/provisionnewuser.py
  - src/whylabs_client/models/operations/whylabs_search.py
  - src/whylabs_client/models/operations/whylabs_search_indexing.py
  - src/whylabs_client/models/operations/getorganizationsubscriptions.py
  - src/whylabs_client/models/operations/getuserbyemail.py
  - src/whylabs_client/models/operations/updateuser.py
  - src/whylabs_client/models/operations/createuser.py
  - src/whylabs_client/models/operations/getuser.py
  - src/whylabs_client/models/operations/activateazuresubscription.py
  - src/whylabs_client/models/operations/azuremarketplacewebhook.py
  - src/whylabs_client/models/operations/listorganizationmemberships.py
  - src/whylabs_client/models/operations/updateorganizationmembership.py
  - src/whylabs_client/models/operations/createorganizationmembership.py
  - src/whylabs_client/models/operations/removeorganizationmembership.py
  - src/whylabs_client/models/operations/getemailnotificationactionpayload.py
  - src/whylabs_client/models/operations/getpagerdutynotificationactionpayload.py
  - src/whylabs_client/models/operations/getslacknotificationactionpayload.py
  - src/whylabs_client/models/operations/listnotificationactions.py
  - src/whylabs_client/models/operations/getnotificationaction.py
  - src/whylabs_client/models/operations/deletenotificationaction.py
  - src/whylabs_client/models/operations/disablenotificationaction.py
  - src/whylabs_client/models/operations/enablenotificationaction.py
  - src/whylabs_client/models/operations/testnotificationaction.py
  - src/whylabs_client/models/operations/putnotificationaction.py
  - src/whylabs_client/models/operations/addnotificationaction.py
  - src/whylabs_client/models/operations/updatenotificationaction.py
  - src/whylabs_client/models/operations/createapikey.py
  - src/whylabs_client/models/operations/revokeapikey.py
  - src/whylabs_client/models/operations/listdeleteanalyzerresultsrequests.py
  - src/whylabs_client/models/operations/listdeletedatasetprofilesrequests.py
  - src/whylabs_client/models/operations/deletedatasetprofiles.py
  - src/whylabs_client/models/operations/deleteanalyzerresults.py
  - src/whylabs_client/models/operations/createreferenceprofile.py
  - src/whylabs_client/models/operations/getprofiletraces.py
  - src/whylabs_client/models/operations/listreferenceprofiles.py
  - src/whylabs_client/models/operations/getreferenceprofile.py
  - src/whylabs_client/models/operations/deletereferenceprofile.py
  - src/whylabs_client/models/operations/listsegments.py
  - src/whylabs_client/models/operations/getdatasetmetadata.py
  - src/whylabs_client/models/operations/putdatasetmetadata.py
  - src/whylabs_client/models/operations/deletedatasetmetadata.py
  - src/whylabs_client/models/operations/getcolumnweights.py
  - src/whylabs_client/models/operations/putcolumnweights.py
  - src/whylabs_client/models/operations/logdebugevent.py
  - src/whylabs_client/models/operations/detectnoisycolumns.py
  - src/whylabs_client/models/operations/detectnoisysegments.py
  - src/whylabs_client/models/operations/detectnoisyanalyzers.py
  - src/whylabs_client/models/operations/recommenddiagnosticinterval.py
  - src/whylabs_client/models/operations/logasync.py
  - src/whylabs_client/models/operations/getprofileobservatorylink.py
  - src/whylabs_client/models/operations/logreference.py
  - src/whylabs_client/models/operations/listmodels.py
  - src/whylabs_client/models/operations/createmodel.py
  - src/whylabs_client/models/operations/getentityschema.py
  - src/whylabs_client/models/operations/putentityschema.py
  - src/whylabs_client/models/operations/deleteentityschema.py
  - src/whylabs_client/models/operations/getentityschemacolumn.py
  - src/whylabs_client/models/operations/putentityschemacolumn.py
  - src/whylabs_client/models/operations/deleteentityschemacolumn.py
  - src/whylabs_client/models/operations/putentityschemametric.py
  - src/whylabs_client/models/operations/deleteentityschemametric.py
  - src/whylabs_client/models/operations/getmodel.py
  - src/whylabs_client/models/operations/updatemodel.py
  - src/whylabs_client/models/operations/deactivatemodel.py
  - src/whylabs_client/models/operations/listconstraints.py
  - src/whylabs_client/models/operations/getanalyzer.py
  - src/whylabs_client/models/operations/putanalyzer.py
  - src/whylabs_client/models/operations/deleteanalyzer.py
  - src/whylabs_client/models/operations/getmonitor.py
  - src/whylabs_client/models/operations/putmonitor.py
  - src/whylabs_client/models/operations/deletemonitor.py
  - src/whylabs_client/models/operations/getmonitorconfigv3.py
  - src/whylabs_client/models/operations/putmonitorconfigv3.py
  - src/whylabs_client/models/operations/patchmonitorconfigv3.py
  - src/whylabs_client/models/operations/validatemonitorconfigv3.py
  - src/whylabs_client/models/operations/getmonitorconfigschema.py
  - src/whylabs_client/models/operations/createsession.py
  - src/whylabs_client/models/operations/getsessionprofileobservatorylink.py
  - src/whylabs_client/models/operations/getsession.py
  - src/whylabs_client/models/operations/claimguestsession.py
  - src/whylabs_client/models/operations/createreferenceprofileupload.py
  - src/whylabs_client/models/operations/batchcreatereferenceprofileupload.py
  - src/whylabs_client/models/operations/createdatasetprofileupload.py
  - src/whylabs_client/models/operations/exporttraces_json.py
  - src/whylabs_client/models/operations/exporttraces_raw.py
  - src/whylabs_client/models/operations/transactionstatus.py
  - src/whylabs_client/models/operations/starttransaction.py
  - src/whylabs_client/models/operations/committransaction.py
  - src/whylabs_client/models/operations/logtransaction.py
  - src/whylabs_client/models/components/getaccountmembershipsresponse.py
  - src/whylabs_client/models/components/organizationrolemembers.py
  - src/whylabs_client/models/components/member.py
  - src/whylabs_client/models/components/role.py
  - src/whylabs_client/models/components/httpmetadata.py
  - src/whylabs_client/models/components/statusresponse.py
  - src/whylabs_client/models/components/errorstatus.py
  - src/whylabs_client/models/components/putaccountmembershipsrequest.py
  - src/whylabs_client/models/components/patchaccountmembershipsrequest.py
  - src/whylabs_client/models/components/accountorganization.py
  - src/whylabs_client/models/components/accountuser.py
  - src/whylabs_client/models/components/updateaccountuserrequest.py
  - src/whylabs_client/models/components/createaccountuserrequest.py
  - src/whylabs_client/models/components/response.py
  - src/whylabs_client/models/components/cachekeytype.py
  - src/whylabs_client/models/components/adminreportresponse.py
  - src/whylabs_client/models/components/adminreporttype.py
  - src/whylabs_client/models/components/azuremarketplacesubscriptiondetails.py
  - src/whylabs_client/models/components/azuremarketplacecontactpayload.py
  - src/whylabs_client/models/components/featureflags.py
  - src/whylabs_client/models/components/membershipmetadata.py
  - src/whylabs_client/models/components/updatemembershiprequest.py
  - src/whylabs_client/models/components/addmembershiprequest.py
  - src/whylabs_client/models/components/removemembershiprequest.py
  - src/whylabs_client/models/components/getdefaultmembershipresponse.py
  - src/whylabs_client/models/components/setdefaultmembershiprequest.py
  - src/whylabs_client/models/components/getmembershipsresponse.py
  - src/whylabs_client/models/components/membership.py
  - src/whylabs_client/models/components/getnotificationsettingsresponse.py
  - src/whylabs_client/models/components/ubernotificationschedule.py
  - src/whylabs_client/models/components/notificationsqsmessagecadence.py
  - src/whylabs_client/models/components/notificationsettings.py
  - src/whylabs_client/models/components/listorganizationsresponse.py
  - src/whylabs_client/models/components/organizationsummary.py
  - src/whylabs_client/models/components/organizationmetadata.py
  - src/whylabs_client/models/components/listuserapikeys.py
  - src/whylabs_client/models/components/userapikey.py
  - src/whylabs_client/models/components/userapikeyresponse.py
  - src/whylabs_client/models/components/segmentslistrequest.py
  - src/whylabs_client/models/components/getmarketplacemetadataresponse.py
  - src/whylabs_client/models/components/marketplacedimensions.py
  - src/whylabs_client/models/components/monitorconfigversion.py
  - src/whylabs_client/models/components/provisionnewawsmarketplaceuserresponse.py
  - src/whylabs_client/models/components/provisionnewmarketplaceuserrequest.py
  - src/whylabs_client/models/components/provisionnewuserresponse.py
  - src/whylabs_client/models/components/provisionnewuserrequest.py
  - src/whylabs_client/models/components/subscriptiontier.py
  - src/whylabs_client/models/components/searchresponse.py
  - src/whylabs_client/models/components/entitysearchresult.py
  - src/whylabs_client/models/components/searchindexrequest.py
  - src/whylabs_client/models/components/searchindextype.py
  - src/whylabs_client/models/components/subscriptionsummary.py
  - src/whylabs_client/models/components/subscriptionproductsummary.py
  - src/whylabs_client/models/components/subscriptionproductfeature.py
  - src/whylabs_client/models/components/user.py
  - src/whylabs_client/models/components/createuserrequest.py
  - src/whylabs_client/models/components/activateazuresubscriptionresponse.py
  - src/whylabs_client/models/components/activateazuresubscriptionrequest.py
  - src/whylabs_client/models/components/listorganizationmembershipsresponse.py
  - src/whylabs_client/models/components/emailnotificationaction.py
  - src/whylabs_client/models/components/pagerdutynotificationaction.py
  - src/whylabs_client/models/components/slacknotificationaction.py
  - src/whylabs_client/models/components/notificationaction.py
  - src/whylabs_client/models/components/notificationrelationshipitem.py
  - src/whylabs_client/models/components/notificationactionpayload.py
  - src/whylabs_client/models/components/actiontype.py
  - src/whylabs_client/models/components/deleteanalyzerresult.py
  - src/whylabs_client/models/components/deletionstatus.py
  - src/whylabs_client/models/components/deleteprofile.py
  - src/whylabs_client/models/components/deletedatasetprofilesresponse.py
  - src/whylabs_client/models/components/deleteanalyzerresultsresponse.py
  - src/whylabs_client/models/components/createreferenceprofileresponse.py
  - src/whylabs_client/models/components/createreferenceprofilerequest.py
  - src/whylabs_client/models/components/segment.py
  - src/whylabs_client/models/components/segmenttag.py
  - src/whylabs_client/models/components/profiletracesresponse.py
  - src/whylabs_client/models/components/profiletrace.py
  - src/whylabs_client/models/components/referenceprofileitemresponse.py
  - src/whylabs_client/models/components/segmentlistresponse.py
  - src/whylabs_client/models/components/getdatasetmetadataresponse.py
  - src/whylabs_client/models/components/entityweightrecord.py
  - src/whylabs_client/models/components/segmentweight.py
  - src/whylabs_client/models/components/debugevent.py
  - src/whylabs_client/models/components/analyzersegmentcolumnsdiagnosticresponse.py
  - src/whylabs_client/models/components/analyzersegmentcolumndiagnosticrecord.py
  - src/whylabs_client/models/components/analyzersegmentcolumnsdiagnosticrequest.py
  - src/whylabs_client/models/components/analyzersegmentsdiagnosticresponse.py
  - src/whylabs_client/models/components/analyzersegmentfailurerecord.py
  - src/whylabs_client/models/components/analyzersegmentdiagnosticrecord.py
  - src/whylabs_client/models/components/analyzersegmentsdiagnosticrequest.py
  - src/whylabs_client/models/components/analyzersdiagnosticresponse.py
  - src/whylabs_client/models/components/analyzerfailurerecord.py
  - src/whylabs_client/models/components/analyzerdiagnosticrecord.py
  - src/whylabs_client/models/components/analyzersdiagnosticrequest.py
  - src/whylabs_client/models/components/diagnosticintervalresponse.py
  - src/whylabs_client/models/components/timeperiod.py
  - src/whylabs_client/models/components/diagnosticintervalrequest.py
  - src/whylabs_client/models/components/asynclogresponse.py
  - src/whylabs_client/models/components/logasyncrequest.py
  - src/whylabs_client/models/components/getprofileobservatorylinkresponse.py
  - src/whylabs_client/models/components/getprofileobservatorylinkrequest.py
  - src/whylabs_client/models/components/logreferenceresponse.py
  - src/whylabs_client/models/components/logreferencerequest.py
  - src/whylabs_client/models/components/listmodelsresponse.py
  - src/whylabs_client/models/components/modelmetadataresponse.py
  - src/whylabs_client/models/components/entityschema.py
  - src/whylabs_client/models/components/metricschema.py
  - src/whylabs_client/models/components/columnschema.py
  - src/whylabs_client/models/components/createsessionresponse.py
  - src/whylabs_client/models/components/createsessionrequest.py
  - src/whylabs_client/models/components/getsessionresponse.py
  - src/whylabs_client/models/components/logsessionreferenceresponse.py
  - src/whylabs_client/models/components/batchlogsessionreferenceresponse.py
  - src/whylabs_client/models/components/batchlogreferencerequest.py
  - src/whylabs_client/models/components/createdatasetprofileuploadresponse.py
  - src/whylabs_client/models/components/exporttraceserviceresponse.py
  - src/whylabs_client/models/components/transactionstatusresponse.py
  - src/whylabs_client/models/components/logtransactionmetadata.py
  - src/whylabs_client/models/components/transactionstartrequest.py
  - src/whylabs_client/models/components/transactioncommitrequest.py
  - src/whylabs_client/models/components/transactionlogrequest.py
  - src/whylabs_client/models/components/security.py
  - src/whylabs_client/models/__init__.py
  - src/whylabs_client/models/errors/__init__.py
  - src/whylabs_client/models/operations/__init__.py
  - src/whylabs_client/models/components/__init__.py
  - docs/models/operations/role.md
  - docs/models/operations/getaccountmembershipsrequest.md
  - docs/models/operations/getaccountmembershipsresponse.md
  - docs/models/operations/putorganizationmembershipsrequest.md
  - docs/models/operations/putorganizationmembershipsresponse.md
  - docs/models/operations/patchorganizationmembershipsrequest.md
  - docs/models/operations/patchorganizationmembershipsresponse.md
  - docs/models/operations/listmanagedorganizationsrequest.md
  - docs/models/operations/listmanagedorganizationsresponse.md
  - docs/models/operations/updateaccountuserrequest.md
  - docs/models/operations/updateaccountuserresponse.md
  - docs/models/operations/createaccountuserrequest.md
  - docs/models/operations/createaccountuserresponse.md
  - docs/models/operations/getaccountuserbyemailrequest.md
  - docs/models/operations/getaccountuserbyemailresponse.md
  - docs/models/operations/getaccountuserbyidrequest.md
  - docs/models/operations/getaccountuserbyidresponse.md
  - docs/models/operations/deleteaccountuserrequest.md
  - docs/models/operations/deleteaccountuserresponse.md
  - docs/models/operations/listaccountusersrequest.md
  - docs/models/operations/listaccountusersresponse.md
  - docs/models/operations/addaccountusersfrommembershipsrequest.md
  - docs/models/operations/addaccountusersfrommembershipsresponse.md
  - docs/models/operations/deletecachekeyrequest.md
  - docs/models/operations/deletecachekeyresponse.md
  - docs/models/operations/listcachekeysrequest.md
  - docs/models/operations/listcachekeysresponse.md
  - docs/models/operations/generatereportrequest.md
  - docs/models/operations/generatereportresponse.md
  - docs/models/operations/activatemarketplacesubscriptioninternalrequest.md
  - docs/models/operations/activatemarketplacesubscriptioninternalresponse.md
  - docs/models/operations/listazuremarketplacesubscriptionsresponse.md
  - docs/models/operations/postmonitorconfigvalidationjobresponse.md
  - docs/models/operations/getfeatureflagsrequest.md
  - docs/models/operations/getfeatureflagsresponse.md
  - docs/models/operations/updatemembershipbyemailresponse.md
  - docs/models/operations/createmembershipresponse.md
  - docs/models/operations/removemembershipbyemailresponse.md
  - docs/models/operations/getdefaultmembershipforemailrequest.md
  - docs/models/operations/getdefaultmembershipforemailresponse.md
  - docs/models/operations/setdefaultmembershipresponse.md
  - docs/models/operations/getmembershipsbyorgrequest.md
  - docs/models/operations/getmembershipsbyorgresponse.md
  - docs/models/operations/getmembershipsbyemailrequest.md
  - docs/models/operations/getmembershipsbyemailresponse.md
  - docs/models/operations/getmembershipsrequest.md
  - docs/models/operations/getmembershipsresponse.md
  - docs/models/operations/getnotificationsettingsrequest.md
  - docs/models/operations/getnotificationsettingsresponse.md
  - docs/models/operations/updatenotificationsettingsrequest.md
  - docs/models/operations/updatenotificationsettingsresponse.md
  - docs/models/operations/listorganizationsresponse.md
  - docs/models/operations/subscriptiontier.md
  - docs/models/operations/updateorgrequestbody.md
  - docs/models/operations/updateorgrequest.md
  - docs/models/operations/updateorgresponse.md
  - docs/models/operations/queryparamsubscriptiontier.md
  - docs/models/operations/createorganizationrequest.md
  - docs/models/operations/createorganizationresponse.md
  - docs/models/operations/partiallyupdateorganizationqueryparamsubscriptiontier.md
  - docs/models/operations/partiallyupdateorganizationrequest.md
  - docs/models/operations/partiallyupdateorganizationresponse.md
  - docs/models/operations/getorganizationrequest.md
  - docs/models/operations/getorganizationresponse.md
  - docs/models/operations/updateorganizationqueryparamsubscriptiontier.md
  - docs/models/operations/updateorganizationrequest.md
  - docs/models/operations/updateorganizationresponse.md
  - docs/models/operations/deleteorganizationrequest.md
  - docs/models/operations/deleteorganizationresponse.md
  - docs/models/operations/listapikeysrequest.md
  - docs/models/operations/listapikeysresponse.md
  - docs/models/operations/getapikeyrequest.md
  - docs/models/operations/getapikeyresponse.md
  - docs/models/operations/hidesegmentsrequest.md
  - docs/models/operations/hidesegmentsresponse.md
  - docs/models/operations/getawsmarketplacemetadatarequest.md
  - docs/models/operations/getawsmarketplacemetadataresponse.md
  - docs/models/operations/listmonitorconfigv3versionsrequest.md
  - docs/models/operations/listmonitorconfigv3versionsresponse.md
  - docs/models/operations/getmonitorconfigv3versionrequest.md
  - docs/models/operations/getmonitorconfigv3versionresponse.md
  - docs/models/operations/putrequestmonitorrunconfigrequestbody.md
  - docs/models/operations/putrequestmonitorrunconfigrequest.md
  - docs/models/operations/putrequestmonitorrunconfigresponse.md
  - docs/models/operations/stripepaymentendpointresponse.md
  - docs/models/operations/provisionawsmarketplacenewuserresponse.md
  - docs/models/operations/provisionnewuserresponse.md
  - docs/models/operations/whylabssearchrequest.md
  - docs/models/operations/whylabssearchresponse.md
  - docs/models/operations/whylabssearchindexingresponse.md
  - docs/models/operations/getorganizationsubscriptionsrequest.md
  - docs/models/operations/getorganizationsubscriptionsresponse.md
  - docs/models/operations/getuserbyemailrequest.md
  - docs/models/operations/getuserbyemailresponse.md
  - docs/models/operations/updateuserresponse.md
  - docs/models/operations/createuserresponse.md
  - docs/models/operations/getuserrequest.md
  - docs/models/operations/getuserresponse.md
  - docs/models/operations/activateazuresubscriptionresponse.md
  - docs/models/operations/azuremarketplacewebhookresponse.md
  - docs/models/operations/listorganizationmembershipsrequest.md
  - docs/models/operations/listorganizationmembershipsresponse.md
  - docs/models/operations/updateorganizationmembershiprequest.md
  - docs/models/operations/updateorganizationmembershipresponse.md
  - docs/models/operations/createorganizationmembershiprequest.md
  - docs/models/operations/createorganizationmembershipresponse.md
  - docs/models/operations/removeorganizationmembershiprequest.md
  - docs/models/operations/removeorganizationmembershipresponse.md
  - docs/models/operations/getemailnotificationactionpayloadresponse.md
  - docs/models/operations/getpagerdutynotificationactionpayloadresponse.md
  - docs/models/operations/getslacknotificationactionpayloadresponse.md
  - docs/models/operations/listnotificationactionsrequest.md
  - docs/models/operations/listnotificationactionsresponse.md
  - docs/models/operations/getnotificationactionrequest.md
  - docs/models/operations/getnotificationactionresponse.md
  - docs/models/operations/deletenotificationactionrequest.md
  - docs/models/operations/deletenotificationactionresponse.md
  - docs/models/operations/disablenotificationactionrequest.md
  - docs/models/operations/disablenotificationactionresponse.md
  - docs/models/operations/enablenotificationactionrequest.md
  - docs/models/operations/enablenotificationactionresponse.md
  - docs/models/operations/testnotificationactionrequest.md
  - docs/models/operations/testnotificationactionresponse.md
  - docs/models/operations/putnotificationactionrequest.md
  - docs/models/operations/putnotificationactionresponse.md
  - docs/models/operations/addnotificationactionrequest.md
  - docs/models/operations/addnotificationactionresponse.md
  - docs/models/operations/updatenotificationactionrequest.md
  - docs/models/operations/updatenotificationactionresponse.md
  - docs/models/operations/createapikeyrequest.md
  - docs/models/operations/createapikeyresponse.md
  - docs/models/operations/revokeapikeyrequest.md
  - docs/models/operations/revokeapikeyresponse.md
  - docs/models/operations/listdeleteanalyzerresultsrequestsrequest.md
  - docs/models/operations/listdeleteanalyzerresultsrequestsresponse.md
  - docs/models/operations/listdeletedatasetprofilesrequestsrequest.md
  - docs/models/operations/listdeletedatasetprofilesrequestsresponse.md
  - docs/models/operations/deletedatasetprofilesrequest.md
  - docs/models/operations/deletedatasetprofilesresponse.md
  - docs/models/operations/deleteanalyzerresultsrequestbody.md
  - docs/models/operations/deleteanalyzerresultsrequest.md
  - docs/models/operations/deleteanalyzerresultsresponse.md
  - docs/models/operations/createreferenceprofilerequest.md
  - docs/models/operations/createreferenceprofileresponse.md
  - docs/models/operations/getprofiletracesrequest.md
  - docs/models/operations/getprofiletracesresponse.md
  - docs/models/operations/listreferenceprofilesrequest.md
  - docs/models/operations/listreferenceprofilesresponse.md
  - docs/models/operations/getreferenceprofilerequest.md
  - docs/models/operations/getreferenceprofileresponse.md
  - docs/models/operations/deletereferenceprofilerequest.md
  - docs/models/operations/deletereferenceprofileresponse.md
  - docs/models/operations/listsegmentsrequest.md
  - docs/models/operations/listsegmentsresponse.md
  - docs/models/operations/getdatasetmetadatarequest.md
  - docs/models/operations/getdatasetmetadataresponse.md
  - docs/models/operations/putdatasetmetadatarequest.md
  - docs/models/operations/putdatasetmetadataresponse.md
  - docs/models/operations/deletedatasetmetadatarequest.md
  - docs/models/operations/deletedatasetmetadataresponse.md
  - docs/models/operations/getcolumnweightsrequest.md
  - docs/models/operations/getcolumnweightsresponse.md
  - docs/models/operations/putcolumnweightsrequest.md
  - docs/models/operations/putcolumnweightsresponse.md
  - docs/models/operations/logdebugeventrequest.md
  - docs/models/operations/logdebugeventresponse.md
  - docs/models/operations/detectnoisycolumnsrequest.md
  - docs/models/operations/detectnoisycolumnsresponse.md
  - docs/models/operations/detectnoisysegmentsrequest.md
  - docs/models/operations/detectnoisysegmentsresponse.md
  - docs/models/operations/detectnoisyanalyzersrequest.md
  - docs/models/operations/detectnoisyanalyzersresponse.md
  - docs/models/operations/recommenddiagnosticintervalrequest.md
  - docs/models/operations/recommenddiagnosticintervalresponse.md
  - docs/models/operations/logasyncrequest.md
  - docs/models/operations/logasyncresponse.md
  - docs/models/operations/getprofileobservatorylinkrequest.md
  - docs/models/operations/getprofileobservatorylinkresponse.md
  - docs/models/operations/logreferencerequest.md
  - docs/models/operations/logreferenceresponse.md
  - docs/models/operations/listmodelsrequest.md
  - docs/models/operations/listmodelsresponse.md
  - docs/models/operations/modeltype.md
  - docs/models/operations/createmodelrequest.md
  - docs/models/operations/createmodelresponse.md
  - docs/models/operations/getentityschemarequest.md
  - docs/models/operations/getentityschemaresponse.md
  - docs/models/operations/putentityschemarequest.md
  - docs/models/operations/putentityschemaresponse.md
  - docs/models/operations/deleteentityschemarequest.md
  - docs/models/operations/deleteentityschemaresponse.md
  - docs/models/operations/getentityschemacolumnrequest.md
  - docs/models/operations/getentityschemacolumnresponse.md
  - docs/models/operations/putentityschemacolumnrequest.md
  - docs/models/operations/putentityschemacolumnresponse.md
  - docs/models/operations/deleteentityschemacolumnrequest.md
  - docs/models/operations/deleteentityschemacolumnresponse.md
  - docs/models/operations/putentityschemametricrequest.md
  - docs/models/operations/putentityschemametricresponse.md
  - docs/models/operations/deleteentityschemametricrequest.md
  - docs/models/operations/deleteentityschemametricresponse.md
  - docs/models/operations/getmodelrequest.md
  - docs/models/operations/getmodelresponse.md
  - docs/models/operations/queryparammodeltype.md
  - docs/models/operations/updatemodelrequest.md
  - docs/models/operations/updatemodelresponse.md
  - docs/models/operations/deactivatemodelrequest.md
  - docs/models/operations/deactivatemodelresponse.md
  - docs/models/operations/listconstraintsrequest.md
  - docs/models/operations/listconstraintsresponse.md
  - docs/models/operations/getanalyzerrequest.md
  - docs/models/operations/getanalyzerresponse.md
  - docs/models/operations/putanalyzerrequest.md
  - docs/models/operations/putanalyzerresponse.md
  - docs/models/operations/deleteanalyzerrequest.md
  - docs/models/operations/deleteanalyzerresponse.md
  - docs/models/operations/getmonitorrequest.md
  - docs/models/operations/getmonitorresponse.md
  - docs/models/operations/putmonitorrequest.md
  - docs/models/operations/putmonitorresponse.md
  - docs/models/operations/deletemonitorrequest.md
  - docs/models/operations/deletemonitorresponse.md
  - docs/models/operations/getmonitorconfigv3request.md
  - docs/models/operations/getmonitorconfigv3response.md
  - docs/models/operations/putmonitorconfigv3request.md
  - docs/models/operations/putmonitorconfigv3response.md
  - docs/models/operations/patchmonitorconfigv3request.md
  - docs/models/operations/patchmonitorconfigv3response.md
  - docs/models/operations/validatemonitorconfigv3request.md
  - docs/models/operations/validatemonitorconfigv3response.md
  - docs/models/operations/getmonitorconfigschemarequest.md
  - docs/models/operations/getmonitorconfigschemaresponse.md
  - docs/models/operations/createsessionresponse.md
  - docs/models/operations/getsessionprofileobservatorylinkrequest.md
  - docs/models/operations/getsessionprofileobservatorylinkresponse.md
  - docs/models/operations/getsessionrequest.md
  - docs/models/operations/getsessionresponse.md
  - docs/models/operations/claimguestsessionrequest.md
  - docs/models/operations/claimguestsessionresponse.md
  - docs/models/operations/createreferenceprofileuploadrequest.md
  - docs/models/operations/createreferenceprofileuploadresponse.md
  - docs/models/operations/batchcreatereferenceprofileuploadrequest.md
  - docs/models/operations/batchcreatereferenceprofileuploadresponse.md
  - docs/models/operations/createdatasetprofileuploadrequest.md
  - docs/models/operations/createdatasetprofileuploadresponse.md
  - docs/models/operations/exporttracesjsonrequest.md
  - docs/models/operations/exporttracesjsonresponse.md
  - docs/models/operations/exporttracesrawrequest.md
  - docs/models/operations/exporttracesrawresponse.md
  - docs/models/operations/transactionstatusrequest.md
  - docs/models/operations/transactionstatusresponse.md
  - docs/models/operations/starttransactionresponse.md
  - docs/models/operations/committransactionrequest.md
  - docs/models/operations/committransactionresponse.md
  - docs/models/operations/logtransactionrequest.md
  - docs/models/operations/logtransactionresponse.md
  - docs/models/components/getaccountmembershipsresponse.md
  - docs/models/components/organizationrolemembers.md
  - docs/models/components/member.md
  - docs/models/components/role.md
  - docs/models/components/httpmetadata.md
  - docs/models/components/statusresponse.md
  - docs/models/components/errorstatus.md
  - docs/models/components/putaccountmembershipsrequest.md
  - docs/models/components/patchaccountmembershipsrequest.md
  - docs/models/components/accountorganization.md
  - docs/models/components/accountuser.md
  - docs/models/components/updateaccountuserrequest.md
  - docs/models/components/createaccountuserrequest.md
  - docs/models/components/response.md
  - docs/models/components/cachekeytype.md
  - docs/models/components/adminreportresponse.md
  - docs/models/components/adminreporttype.md
  - docs/models/components/azuremarketplacesubscriptiondetails.md
  - docs/models/components/azuremarketplacecontactpayload.md
  - docs/models/components/featureflags.md
  - docs/models/components/membershipmetadata.md
  - docs/models/components/updatemembershiprequest.md
  - docs/models/components/addmembershiprequest.md
  - docs/models/components/removemembershiprequest.md
  - docs/models/components/getdefaultmembershipresponsemembership.md
  - docs/models/components/getdefaultmembershipresponse.md
  - docs/models/components/setdefaultmembershiprequest.md
  - docs/models/components/getmembershipsresponse.md
  - docs/models/components/membership.md
  - docs/models/components/getnotificationsettingsresponsenotificationsettings.md
  - docs/models/components/getnotificationsettingsresponse.md
  - docs/models/components/dayofweek.md
  - docs/models/components/ubernotificationschedule.md
  - docs/models/components/notificationsqsmessagecadence.md
  - docs/models/components/notificationsettings.md
  - docs/models/components/listorganizationsresponse.md
  - docs/models/components/organizationsummarysubscriptiontier.md
  - docs/models/components/organizationsummarynotificationsettings.md
  - docs/models/components/organizationsummary.md
  - docs/models/components/organizationmetadatasubscriptiontier.md
  - docs/models/components/organizationmetadatanotificationsettings.md
  - docs/models/components/organizationmetadata.md
  - docs/models/components/listuserapikeys.md
  - docs/models/components/userapikey.md
  - docs/models/components/key.md
  - docs/models/components/userapikeyresponse.md
  - docs/models/components/segmentslistrequest.md
  - docs/models/components/getmarketplacemetadataresponsemetadata.md
  - docs/models/components/getmarketplacemetadataresponse.md
  - docs/models/components/marketplacedimensions.md
  - docs/models/components/monitorconfigversion.md
  - docs/models/components/provisionnewawsmarketplaceuserresponse.md
  - docs/models/components/provisionnewmarketplaceuserrequest.md
  - docs/models/components/provisionnewuserresponse.md
  - docs/models/components/provisionnewuserrequest.md
  - docs/models/components/subscriptiontier.md
  - docs/models/components/searchresponse.md
  - docs/models/components/entitysearchresult.md
  - docs/models/components/searchindexrequest.md
  - docs/models/components/searchindextype.md
  - docs/models/components/subscriptionsummary.md
  - docs/models/components/subscriptionproductsummary.md
  - docs/models/components/subscriptionproductfeature.md
  - docs/models/components/user.md
  - docs/models/components/createuserrequest.md
  - docs/models/components/activateazuresubscriptionresponse.md
  - docs/models/components/activateazuresubscriptionrequest.md
  - docs/models/components/listorganizationmembershipsresponse.md
  - docs/models/components/emailnotificationaction.md
  - docs/models/components/pagerdutynotificationaction.md
  - docs/models/components/slacknotificationaction.md
  - docs/models/components/notificationaction.md
  - docs/models/components/type.md
  - docs/models/components/notificationrelationshipitem.md
  - docs/models/components/notificationactionpayload.md
  - docs/models/components/actiontype.md
  - docs/models/components/deleteanalyzerresult.md
  - docs/models/components/deletionstatus.md
  - docs/models/components/deleteprofile.md
  - docs/models/components/deletedatasetprofilesresponse.md
  - docs/models/components/deleteanalyzerresultsresponse.md
  - docs/models/components/createreferenceprofileresponse.md
  - docs/models/components/createreferenceprofilerequest.md
  - docs/models/components/segment.md
  - docs/models/components/segmenttag.md
  - docs/models/components/profiletracesresponse.md
  - docs/models/components/profiletrace.md
  - docs/models/components/referenceprofileitemresponse.md
  - docs/models/components/segmentlistresponse.md
  - docs/models/components/getdatasetmetadataresponse.md
  - docs/models/components/metadata.md
  - docs/models/components/entityweightrecord.md
  - docs/models/components/segmentweightsegment.md
  - docs/models/components/segmentweight.md
  - docs/models/components/debugeventsegment.md
  - docs/models/components/debugevent.md
  - docs/models/components/analyzersegmentcolumnsdiagnosticresponse.md
  - docs/models/components/analyzersegmentcolumndiagnosticrecord.md
  - docs/models/components/analyzersegmentcolumnsdiagnosticrequest.md
  - docs/models/components/analyzersegmentsdiagnosticresponse.md
  - docs/models/components/analyzersegmentfailurerecord.md
  - docs/models/components/analyzersegmentdiagnosticrecord.md
  - docs/models/components/analyzersegmentsdiagnosticrequest.md
  - docs/models/components/analyzersdiagnosticresponse.md
  - docs/models/components/analyzerfailurerecord.md
  - docs/models/components/analyzerdiagnosticrecord.md
  - docs/models/components/analyzersdiagnosticrequest.md
  - docs/models/components/diagnosticintervalresponse.md
  - docs/models/components/timeperiod.md
  - docs/models/components/diagnosticintervalrequest.md
  - docs/models/components/tags.md
  - docs/models/components/asynclogresponse.md
  - docs/models/components/logasyncrequest.md
  - docs/models/components/getprofileobservatorylinkresponse.md
  - docs/models/components/getprofileobservatorylinkrequest.md
  - docs/models/components/logreferenceresponse.md
  - docs/models/components/logreferencerequest.md
  - docs/models/components/listmodelsresponse.md
  - docs/models/components/modelmetadataresponse.md
  - docs/models/components/entityschemametadata.md
  - docs/models/components/entityschema.md
  - docs/models/components/metricschema.md
  - docs/models/components/columnschema.md
  - docs/models/components/createsessionresponse.md
  - docs/models/components/createsessionrequest.md
  - docs/models/components/session.md
  - docs/models/components/getsessionresponse.md
  - docs/models/components/logsessionreferenceresponse.md
  - docs/models/components/batchlogsessionreferenceresponse.md
  - docs/models/components/batchlogreferencerequest.md
  - docs/models/components/createdatasetprofileuploadresponse.md
  - docs/models/components/partialsuccess.md
  - docs/models/components/exporttraceserviceresponse.md
  - docs/models/components/transactionstatusresponse.md
  - docs/models/components/logtransactionmetadata.md
  - docs/models/components/transactionstartrequest.md
  - docs/models/components/transactioncommitrequest.md
  - docs/models/components/transactionlogrequest.md
  - docs/models/components/security.md
  - docs/sdks/whylabsclient/README.md
  - docs/sdks/account/README.md
  - docs/sdks/internal/README.md
  - docs/sdks/admin/README.md
  - docs/sdks/featureflags/README.md
  - docs/sdks/membership/README.md
  - docs/sdks/notificationsettings/README.md
  - docs/sdks/organizations/README.md
  - docs/sdks/apikey/README.md
  - docs/sdks/datasetprofile/README.md
  - docs/sdks/datasetmetadata/README.md
  - docs/sdks/featureweights/README.md
  - docs/sdks/debugevents/README.md
  - docs/sdks/monitordiagnostics/README.md
  - docs/sdks/log/README.md
  - docs/sdks/models/README.md
  - docs/sdks/monitor/README.md
  - docs/sdks/schema/README.md
  - docs/sdks/payment/README.md
  - docs/sdks/provision/README.md
  - docs/sdks/search/README.md
  - docs/sdks/sessions/README.md
  - docs/sdks/subscription/README.md
  - docs/sdks/user/README.md
  - docs/sdks/azuremarketplace/README.md
  - docs/sdks/traces/README.md
  - docs/sdks/transactions/README.md
  - USAGE.md
  - .gitattributes
  - src/whylabs_client/_hooks/sdkhooks.py
  - src/whylabs_client/_hooks/types.py
  - src/whylabs_client/_hooks/__init__.py
